// !$*UTF8*$!
{
	archiveVersion = 1;
	classes = {
	};
	objectVersion = 46;
	objects = {

/* Begin PBXBuildFile section */
		82425FD119B395700050F782 /* AppDelegate.swift in Sources */ = {isa = PBXBuildFile; fileRef = 82425FD019B395700050F782 /* AppDelegate.swift */; };
		82425FD319B395700050F782 /* ViewController.swift in Sources */ = {isa = PBXBuildFile; fileRef = 82425FD219B395700050F782 /* ViewController.swift */; };
		82425FD619B395700050F782 /* Main.storyboard in Resources */ = {isa = PBXBuildFile; fileRef = 82425FD419B395700050F782 /* Main.storyboard */; };
		82425FD819B395700050F782 /* Images.xcassets in Resources */ = {isa = PBXBuildFile; fileRef = 82425FD719B395700050F782 /* Images.xcassets */; };
		82425FE419B395710050F782 /* tipperTests.swift in Sources */ = {isa = PBXBuildFile; fileRef = 82425FE319B395710050F782 /* tipperTests.swift */; };
		8243401219B40EAF0058279C /* todoubleext.swift in Sources */ = {isa = PBXBuildFile; fileRef = 8243401119B40EAF0058279C /* todoubleext.swift */; };
/* End PBXBuildFile section */

/* Begin PBXContainerItemProxy section */
		82425FDE19B395710050F782 /* PBXContainerItemProxy */ = {
			isa = PBXContainerItemProxy;
			containerPortal = 82425FC319B395700050F782 /* Project object */;
			proxyType = 1;
			remoteGlobalIDString = 82425FCA19B395700050F782;
			remoteInfo = tipper;
		};
/* End PBXContainerItemProxy section */

/* Begin PBXFileReference section */
		82425FCB19B395700050F782 /* tipper.app */ = {isa = PBXFileReference; explicitFileType = wrapper.application; includeInIndex = 0; path = tipper.app; sourceTree = BUILT_PRODUCTS_DIR; };
		82425FCF19B395700050F782 /* Info.plist */ = {isa = PBXFileReference; lastKnownFileType = text.plist.xml; path = Info.plist; sourceTree = "<group>"; };
		82425FD019B395700050F782 /* AppDelegate.swift */ = {isa = PBXFileReference; lastKnownFileType = sourcecode.swift; path = AppDelegate.swift; sourceTree = "<group>"; };
		82425FD219B395700050F782 /* ViewController.swift */ = {isa = PBXFileReference; lastKnownFileType = sourcecode.swift; path = ViewController.swift; sourceTree = "<group>"; };
		82425FD519B395700050F782 /* Base */ = {isa = PBXFileReference; lastKnownFileType = file.storyboard; name = Base; path = Base.lproj/Main.storyboard; sourceTree = "<group>"; };
		82425FD719B395700050F782 /* Images.xcassets */ = {isa = PBXFileReference; lastKnownFileType = folder.assetcatalog; path = Images.xcassets; sourceTree = "<group>"; };
		82425FDD19B395710050F782 /* tipperTests.xctest */ = {isa = PBXFileReference; explicitFileType = wrapper.cfbundle; includeInIndex = 0; path = tipperTests.xctest; sourceTree = BUILT_PRODUCTS_DIR; };
		82425FE219B395710050F782 /* Info.plist */ = {isa = PBXFileReference; lastKnownFileType = text.plist.xml; path = Info.plist; sourceTree = "<group>"; };
		82425FE319B395710050F782 /* tipperTests.swift */ = {isa = PBXFileReference; lastKnownFileType = sourcecode.swift; path = tipperTests.swift; sourceTree = "<group>"; };
		8243401119B40EAF0058279C /* todoubleext.swift */ = {isa = PBXFileReference; fileEncoding = 4; lastKnownFileType = sourcecode.swift; path = todoubleext.swift; sourceTree = "<group>"; };
/* End PBXFileReference section */

/* Begin PBXFrameworksBuildPhase section */
		82425FC819B395700050F782 /* Frameworks */ = {
			isa = PBXFrameworksBuildPhase;
			buildActionMask = 2147483647;
			files = (
			);
			runOnlyForDeploymentPostprocessing = 0;
		};
		82425FDA19B395710050F782 /* Frameworks */ = {
			isa = PBXFrameworksBuildPhase;
			buildActionMask = 2147483647;
			files = (
			);
			runOnlyForDeploymentPostprocessing = 0;
		};
/* End PBXFrameworksBuildPhase section */

/* Begin PBXGroup section */
		82425FC219B395700050F782 = {
			isa = PBXGroup;
			children = (
				82425FCD19B395700050F782 /* tipper */,
				82425FE019B395710050F782 /* tipperTests */,
				82425FCC19B395700050F782 /* Products */,
			);
			sourceTree = "<group>";
		};
		82425FCC19B395700050F782 /* Products */ = {
			isa = PBXGroup;
			children = (
				82425FCB19B395700050F782 /* tipper.app */,
				82425FDD19B395710050F782 /* tipperTests.xctest */,
			);
			name = Products;
			sourceTree = "<group>";
		};
		82425FCD19B395700050F782 /* tipper */ = {
			isa = PBXGroup;
			children = (
				82425FD019B395700050F782 /* AppDelegate.swift */,
				82425FD219B395700050F782 /* ViewController.swift */,
				82425FD419B395700050F782 /* Main.storyboard */,
				8243401119B40EAF0058279C /* todoubleext.swift */,
				82425FD719B395700050F782 /* Images.xcassets */,
				82425FCE19B395700050F782 /* Supporting Files */,
			);
			path = tipper;
			sourceTree = "<group>";
		};
		82425FCE19B395700050F782 /* Supporting Files */ = {
			isa = PBXGroup;
			children = (
				82425FCF19B395700050F782 /* Info.plist */,
			);
			name = "Supporting Files";
			sourceTree = "<group>";
		};
		82425FE019B395710050F782 /* tipperTests */ = {
			isa = PBXGroup;
			children = (
				82425FE319B395710050F782 /* tipperTests.swift */,
				82425FE119B395710050F782 /* Supporting Files */,
			);
			path = tipperTests;
			sourceTree = "<group>";
		};
		82425FE119B395710050F782 /* Supporting Files */ = {
			isa = PBXGroup;
			children = (
				82425FE219B395710050F782 /* Info.plist */,
			);
			name = "Supporting Files";
			sourceTree = "<group>";
		};
/* End PBXGroup section */

/* Begin PBXNativeTarget section */
		82425FCA19B395700050F782 /* tipper */ = {
			isa = PBXNativeTarget;
			buildConfigurationList = 82425FE719B395710050F782 /* Build configuration list for PBXNativeTarget "tipper" */;
			buildPhases = (
				82425FC719B395700050F782 /* Sources */,
				82425FC819B395700050F782 /* Frameworks */,
				82425FC919B395700050F782 /* Resources */,
			);
			buildRules = (
			);
			dependencies = (
			);
			name = tipper;
			productName = tipper;
			productReference = 82425FCB19B395700050F782 /* tipper.app */;
			productType = "com.apple.product-type.application";
		};
		82425FDC19B395710050F782 /* tipperTests */ = {
			isa = PBXNativeTarget;
			buildConfigurationList = 82425FEA19B395710050F782 /* Build configuration list for PBXNativeTarget "tipperTests" */;
			buildPhases = (
				82425FD919B395710050F782 /* Sources */,
				82425FDA19B395710050F782 /* Frameworks */,
				82425FDB19B395710050F782 /* Resources */,
			);
			buildRules = (
			);
			dependencies = (
				82425FDF19B395710050F782 /* PBXTargetDependency */,
			);
			name = tipperTests;
			productName = tipperTests;
			productReference = 82425FDD19B395710050F782 /* tipperTests.xctest */;
			productType = "com.apple.product-type.bundle.unit-test";
		};
/* End PBXNativeTarget section */

/* Begin PBXProject section */
		82425FC319B395700050F782 /* Project object */ = {
			isa = PBXProject;
			attributes = {
				LastUpgradeCheck = 0600;
				ORGANIZATIONNAME = arman;
				TargetAttributes = {
					82425FCA19B395700050F782 = {
						CreatedOnToolsVersion = 6.0;
					};
					82425FDC19B395710050F782 = {
						CreatedOnToolsVersion = 6.0;
						TestTargetID = 82425FCA19B395700050F782;
					};
				};
			};
			buildConfigurationList = 82425FC619B395700050F782 /* Build configuration list for PBXProject "tipper" */;
			compatibilityVersion = "Xcode 3.2";
			developmentRegion = English;
			hasScannedForEncodings = 0;
			knownRegions = (
				en,
				Base,
			);
			mainGroup = 82425FC219B395700050F782;
			productRefGroup = 82425FCC19B395700050F782 /* Products */;
			projectDirPath = "";
			projectRoot = "";
			targets = (
				82425FCA19B395700050F782 /* tipper */,
				82425FDC19B395710050F782 /* tipperTests */,
			);
		};
/* End PBXProject section */

/* Begin PBXResourcesBuildPhase section */
		82425FC919B395700050F782 /* Resources */ = {
			isa = PBXResourcesBuildPhase;
			buildActionMask = 2147483647;
			files = (
				82425FD619B395700050F782 /* Main.storyboard in Resources */,
				82425FD819B395700050F782 /* Images.xcassets in Resources */,
			);
			runOnlyForDeploymentPostprocessing = 0;
		};
		82425FDB19B395710050F782 /* Resources */ = {
			isa = PBXResourcesBuildPhase;
			buildActionMask = 2147483647;
			files = (
			);
			runOnlyForDeploymentPostprocessing = 0;
		};
/* End PBXResourcesBuildPhase section */

/* Begin PBXSourcesBuildPhase section */
		82425FC719B395700050F782 /* Sources */ = {
			isa = PBXSourcesBuildPhase;
			buildActionMask = 2147483647;
			files = (
				8243401219B40EAF0058279C /* todoubleext.swift in Sources */,
				82425FD319B395700050F782 /* ViewController.swift in Sources */,
				82425FD119B395700050F782 /* AppDelegate.swift in Sources */,
			);
			runOnlyForDeploymentPostprocessing = 0;
		};
		82425FD919B395710050F782 /* Sources */ = {
			isa = PBXSourcesBuildPhase;
			buildActionMask = 2147483647;
			files = (
				82425FE419B395710050F782 /* tipperTests.swift in Sources */,
			);
			runOnlyForDeploymentPostprocessing = 0;
		};
/* End PBXSourcesBuildPhase section */

/* Begin PBXTargetDependency section */
		82425FDF19B395710050F782 /* PBXTargetDependency */ = {
			isa = PBXTargetDependency;
			target = 82425FCA19B395700050F782 /* tipper */;
			targetProxy = 82425FDE19B395710050F782 /* PBXContainerItemProxy */;
		};
/* End PBXTargetDependency section */

/* Begin PBXVariantGroup section */
		82425FD419B395700050F782 /* Main.storyboard */ = {
			isa = PBXVariantGroup;
			children = (
				82425FD519B395700050F782 /* Base */,
			);
			name = Main.storyboard;
			sourceTree = "<group>";
			usesTabs = 0;
		};
/* End PBXVariantGroup section */

/* Begin XCBuildConfiguration section */
		82425FE519B395710050F782 /* Debug */ = {
			isa = XCBuildConfiguration;
			buildSettings = {
				ALWAYS_SEARCH_USER_PATHS = NO;
				CLANG_CXX_LANGUAGE_STANDARD = "gnu++0x";
				CLANG_CXX_LIBRARY = "libc++";
				CLANG_ENABLE_MODULES = YES;
				CLANG_ENABLE_OBJC_ARC = YES;
				CLANG_WARN_BOOL_CONVERSION = YES;
				CLANG_WARN_CONSTANT_CONVERSION = YES;
				CLANG_WARN_DIRECT_OBJC_ISA_USAGE = YES_ERROR;
				CLANG_WARN_EMPTY_BODY = YES;
				CLANG_WARN_ENUM_CONVERSION = YES;
				CLANG_WARN_INT_CONVERSION = YES;
				CLANG_WARN_OBJC_ROOT_CLASS = YES_ERROR;
				CLANG_WARN_UNREACHABLE_CODE = YES;
				CLANG_WARN__DUPLICATE_METHOD_MATCH = YES;
				"CODE_SIGN_IDENTITY[sdk=iphoneos*]" = "iPhone Developer";
				COPY_PHASE_STRIP = NO;
				ENABLE_STRICT_OBJC_MSGSEND = YES;
				GCC_C_LANGUAGE_STANDARD = gnu99;
				GCC_DYNAMIC_NO_PIC = NO;
				GCC_OPTIMIZATION_LEVEL = 0;
				GCC_PREPROCESSOR_DEFINITIONS = (
					"DEBUG=1",
					"$(inherited)",
				);
				GCC_SYMBOLS_PRIVATE_EXTERN = NO;
				GCC_WARN_64_TO_32_BIT_CONVERSION = YES;
				GCC_WARN_ABOUT_RETURN_TYPE = YES_ERROR;
				GCC_WARN_UNDECLARED_SELECTOR = YES;
				GCC_WARN_UNINITIALIZED_AUTOS = YES_AGGRESSIVE;
				GCC_WARN_UNUSED_FUNCTION = YES;
				GCC_WARN_UNUSED_VARIABLE = YES;
				IPHONEOS_DEPLOYMENT_TARGET = 8.0;
				MTL_ENABLE_DEBUG_INFO = YES;
				ONLY_ACTIVE_ARCH = YES;
				SDKROOT = iphoneos;
				SWIFT_OPTIMIZATION_LEVEL = "-Onone";
			};
			name = Debug;
		};
		82425FE619B395710050F782 /* Release */ = {
			isa = XCBuildConfiguration;
			buildSettings = {
				ALWAYS_SEARCH_USER_PATHS = NO;
				CLANG_CXX_LANGUAGE_STANDARD = "gnu++0x";
				CLANG_CXX_LIBRARY = "libc++";
				CLANG_ENABLE_MODULES = YES;
				CLANG_ENABLE_OBJC_ARC = YES;
				CLANG_WARN_BOOL_CONVERSION = YES;
				CLANG_WARN_CONSTANT_CONVERSION = YES;
				CLANG_WARN_DIRECT_OBJC_ISA_USAGE = YES_ERROR;
				CLANG_WARN_EMPTY_BODY = YES;
				CLANG_WARN_ENUM_CONVERSION = YES;
				CLANG_WARN_INT_CONVERSION = YES;
				CLANG_WARN_OBJC_ROOT_CLASS = YES_ERROR;
				CLANG_WARN_UNREACHABLE_CODE = YES;
				CLANG_WARN__DUPLICATE_METHOD_MATCH = YES;
				"CODE_SIGN_IDENTITY[sdk=iphoneos*]" = "iPhone Developer";
				COPY_PHASE_STRIP = YES;
				ENABLE_NS_ASSERTIONS = NO;
				ENABLE_STRICT_OBJC_MSGSEND = YES;
				GCC_C_LANGUAGE_STANDARD = gnu99;
				GCC_WARN_64_TO_32_BIT_CONVERSION = YES;
				GCC_WARN_ABOUT_RETURN_TYPE = YES_ERROR;
				GCC_WARN_UNDECLARED_SELECTOR = YES;
				GCC_WARN_UNINITIALIZED_AUTOS = YES_AGGRESSIVE;
				GCC_WARN_UNUSED_FUNCTION = YES;
				GCC_WARN_UNUSED_VARIABLE = YES;
				IPHONEOS_DEPLOYMENT_TARGET = 8.0;
				MTL_ENABLE_DEBUG_INFO = NO;
				SDKROOT = iphoneos;
				VALIDATE_PRODUCT = YES;
			};
			name = Release;
		};
		82425FE819B395710050F782 /* Debug */ = {
			isa = XCBuildConfiguration;
			buildSettings = {
				ASSETCATALOG_COMPILER_APPICON_NAME = AppIcon;
				ASSETCATALOG_COMPILER_LAUNCHIMAGE_NAME = LaunchImage;
				INFOPLIST_FILE = tipper/Info.plist;
				IPHONEOS_DEPLOYMENT_TARGET = 7.0;
				LD_RUNPATH_SEARCH_PATHS = "$(inherited) @executable_path/Frameworks";
				PRODUCT_NAME = "$(TARGET_NAME)";
				TARGETED_DEVICE_FAMILY = 1;
			};
			name = Debug;
		};
		82425FE919B395710050F782 /* Release */ = {
			isa = XCBuildConfiguration;
			buildSettings = {
				ASSETCATALOG_COMPILER_APPICON_NAME = AppIcon;
				ASSETCATALOG_COMPILER_LAUNCHIMAGE_NAME = LaunchImage;
				INFOPLIST_FILE = tipper/Info.plist;
				IPHONEOS_DEPLOYMENT_TARGET = 7.0;
				LD_RUNPATH_SEARCH_PATHS = "$(inherited) @executable_path/Frameworks";
				PRODUCT_NAME = "$(TARGET_NAME)";
				TARGETED_DEVICE_FAMILY = 1;
			};
			name = Release;
		};
		82425FEB19B395710050F782 /* Debug */ = {
			isa = XCBuildConfiguration;
			buildSettings = {
				BUNDLE_LOADER = "$(TEST_HOST)";
				FRAMEWORK_SEARCH_PATHS = (
					"$(SDKROOT)/Developer/Library/Frameworks",
					"$(inherited)",
				);
				GCC_PREPROCESSOR_DEFINITIONS = (
					"DEBUG=1",
					"$(inherited)",
				);
				INFOPLIST_FILE = tipperTests/Info.plist;
				LD_RUNPATH_SEARCH_PATHS = "$(inherited) @executable_path/Frameworks @loader_path/Frameworks";
				PRODUCT_NAME = "$(TARGET_NAME)";
				TEST_HOST = "$(BUILT_PRODUCTS_DIR)/tipper.app/tipper";
			};
			name = Debug;
		};
		82425FEC19B395710050F782 /* Release */ = {
			isa = XCBuildConfiguration;
			buildSettings = {
				BUNDLE_LOADER = "$(TEST_HOST)";
				FRAMEWORK_SEARCH_PATHS = (
					"$(SDKROOT)/Developer/Library/Frameworks",
					"$(inherited)",
				);
				INFOPLIST_FILE = tipperTests/Info.plist;
				LD_RUNPATH_SEARCH_PATHS = "$(inherited) @executable_path/Frameworks @loader_path/Frameworks";
				PRODUCT_NAME = "$(TARGET_NAME)";
				TEST_HOST = "$(BUILT_PRODUCTS_DIR)/tipper.app/tipper";
			};
			name = Release;
		};
/* End XCBuildConfiguration section */

/* Begin XCConfigurationList section */
		82425FC619B395700050F782 /* Build configuration list for PBXProject "tipper" */ = {
			isa = XCConfigurationList;
			buildConfigurations = (
				82425FE519B395710050F782 /* Debug */,
				82425FE619B395710050F782 /* Release */,
			);
			defaultConfigurationIsVisible = 0;
			defaultConfigurationName = Release;
		};
		82425FE719B395710050F782 /* Build configuration list for PBXNativeTarget "tipper" */ = {
			isa = XCConfigurationList;
			buildConfigurations = (
				82425FE819B395710050F782 /* Debug */,
				82425FE919B395710050F782 /* Release */,
			);
			defaultConfigurationIsVisible = 0;
			defaultConfigurationName = Release;
		};
		82425FEA19B395710050F782 /* Build configuration list for PBXNativeTarget "tipperTests" */ = {
			isa = XCConfigurationList;
			buildConfigurations = (
				82425FEB19B395710050F782 /* Debug */,
				82425FEC19B395710050F782 /* Release */,
			);
			defaultConfigurationIsVisible = 0;
			defaultConfigurationName = Release;
		};
/* End XCConfigurationList section */
	};
	rootObject = 82425FC319B395700050F782 /* Project object */;
}
